
Microsoft Visual Studio Solution File, Format Version 12.00
# Visual Studio Version 16
VisualStudioVersion = 16.0.29613.14
MinimumVisualStudioVersion = 10.0.40219.1
Project("{9A19103F-16F7-4668-BE54-9A1E7A4F7556}") = "Hive", "Hive.csproj", "{AF6808A9-8F0C-48DB-B38D-7C40338263CC}"
EndProject
Global
	GlobalSection(SolutionConfigurationPlatforms) = preSolution
		Debug|Any CPU = Debug|Any CPU
		Release|Any CPU = Release|Any CPU
	EndGlobalSection
	GlobalSection(ProjectConfigurationPlatforms) = postSolution
		{AF6808A9-8F0C-48DB-B38D-7C40338263CC}.Debug|Any CPU.ActiveCfg = Debug|Any CPU
		{AF6808A9-8F0C-48DB-B38D-7C40338263CC}.Debug|Any CPU.Build.0 = Debug|Any CPU
		{AF6808A9-8F0C-48DB-B38D-7C40338263CC}.Release|Any CPU.ActiveCfg = Release|Any CPU
		{AF6808A9-8F0C-48DB-B38D-7C40338263CC}.Release|Any CPU.Build.0 = Release|Any CPU
	EndGlobalSection
	GlobalSection(SolutionProperties) = preSolution
		HideSolutionNode = FALSE
	EndGlobalSection
	GlobalSection(ExtensibilityGlobals) = postSolution
		SolutionGuid = {4A35391B-4B45-4A20-B611-75208EDB854C}
	EndGlobalSection
EndGlobal
